
Microsoft Visual Studio Solution File, Format Version 12.00
# Visual Studio Version 16
VisualStudioVersion = 16.0.30011.22
MinimumVisualStudioVersion = 10.0.40219.1
Project("{FAE04EC0-301F-11D3-BF4B-00C04F79EFBC}") = "Lab1Client", "Lab1Client\Lab1Client.csproj", "{D2E34B50-4FEE-4019-A1D8-261153FACA63}"
EndProject
Global
	GlobalSection(SolutionConfigurationPlatforms) = preSolution
		Debug|Any CPU = Debug|Any CPU
		Release|Any CPU = Release|Any CPU
	EndGlobalSection
	GlobalSection(ProjectConfigurationPlatforms) = postSolution
		{D2E34B50-4FEE-4019-A1D8-261153FACA63}.Debug|Any CPU.ActiveCfg = Debug|Any CPU
		{D2E34B50-4FEE-4019-A1D8-261153FACA63}.Debug|Any CPU.Build.0 = Debug|Any CPU
		{D2E34B50-4FEE-4019-A1D8-261153FACA63}.Release|Any CPU.ActiveCfg = Release|Any CPU
		{D2E34B50-4FEE-4019-A1D8-261153FACA63}.Release|Any CPU.Build.0 = Release|Any CPU
	EndGlobalSection
	GlobalSection(SolutionProperties) = preSolution
		HideSolutionNode = FALSE
	EndGlobalSection
	GlobalSection(ExtensibilityGlobals) = postSolution
		SolutionGuid = {2A8ECF7E-2D97-4CBD-980E-08781C3A682B}
	EndGlobalSection
EndGlobal
